{
  "version": 4,
  "terraform_version": "1.2.5",
  "serial": 7,
  "lineage": "a8ee228b-c861-1d97-3f3e-a834c19dfcb8",
  "outputs": {},
  "resources": [
    {
      "mode": "managed",
      "type": "heroku_addon",
      "name": "develop",
      "provider": "provider[\"registry.terraform.io/heroku/heroku\"]",
      "instances": [
        {
          "schema_version": 3,
          "attributes": {
            "app_id": "98bcb2e0-29c5-455f-96c1-d6441b96eb97",
            "config": null,
            "config_var_values": {
              "DATABASE_URL": "postgres://uavohvjvusxbig:43adbb529b73c9d6224ae80c4fbab42ca1447a792918afbd3827b61442e7b8ce@ec2-3-213-228-206.compute-1.amazonaws.com:5432/deek99qfk3lbq"
            },
            "config_vars": [
              "DATABASE_URL"
            ],
            "id": "a0d12b15-7516-46b9-b693-794d5996b05b",
            "name": "postgresql-solid-49834",
            "plan": "heroku-postgresql:hobby-dev",
            "provider_id": "28466210"
          },
          "sensitive_attributes": [],
          "private": "eyJzY2hlbWFfdmVyc2lvbiI6IjMifQ==",
          "dependencies": [
            "heroku_app.develop"
          ]
        }
      ]
    }
  ]
}
